// !$*UTF8*$!
{
	archiveVersion = 1;
	classes = {
	};
	objectVersion = 50;
	objects = {

/* Begin PBXBuildFile section */
		C1E94A1920CDBD290009BB92 /* AppDelegate.swift in Sources */ = {isa = PBXBuildFile; fileRef = C1E94A1820CDBD290009BB92 /* AppDelegate.swift */; };
		C1E94A1B20CDBD290009BB92 /* ViewController.swift in Sources */ = {isa = PBXBuildFile; fileRef = C1E94A1A20CDBD290009BB92 /* ViewController.swift */; };
		C1E94A1E20CDBD290009BB92 /* Main.storyboard in Resources */ = {isa = PBXBuildFile; fileRef = C1E94A1C20CDBD290009BB92 /* Main.storyboard */; };
		C1E94A2020CDBD2B0009BB92 /* Assets.xcassets in Resources */ = {isa = PBXBuildFile; fileRef = C1E94A1F20CDBD2B0009BB92 /* Assets.xcassets */; };
		C1E94A2320CDBD2B0009BB92 /* LaunchScreen.storyboard in Resources */ = {isa = PBXBuildFile; fileRef = C1E94A2120CDBD2B0009BB92 /* LaunchScreen.storyboard */; };
		C1E94A2B20CDC0A40009BB92 /* TransformStringModel.swift in Sources */ = {isa = PBXBuildFile; fileRef = C1E94A2A20CDC0A40009BB92 /* TransformStringModel.swift */; };
/* End PBXBuildFile section */

/* Begin PBXFileReference section */
		C1E94A1520CDBD290009BB92 /* Task1withMVC.app */ = {isa = PBXFileReference; explicitFileType = wrapper.application; includeInIndex = 0; path = Task1withMVC.app; sourceTree = BUILT_PRODUCTS_DIR; };
		C1E94A1820CDBD290009BB92 /* AppDelegate.swift */ = {isa = PBXFileReference; lastKnownFileType = sourcecode.swift; path = AppDelegate.swift; sourceTree = "<group>"; };
		C1E94A1A20CDBD290009BB92 /* ViewController.swift */ = {isa = PBXFileReference; lastKnownFileType = sourcecode.swift; path = ViewController.swift; sourceTree = "<group>"; };
		C1E94A1D20CDBD290009BB92 /* Base */ = {isa = PBXFileReference; lastKnownFileType = file.storyboard; name = Base; path = Base.lproj/Main.storyboard; sourceTree = "<group>"; };
		C1E94A1F20CDBD2B0009BB92 /* Assets.xcassets */ = {isa = PBXFileReference; lastKnownFileType = folder.assetcatalog; path = Assets.xcassets; sourceTree = "<group>"; };
		C1E94A2220CDBD2B0009BB92 /* Base */ = {isa = PBXFileReference; lastKnownFileType = file.storyboard; name = Base; path = Base.lproj/LaunchScreen.storyboard; sourceTree = "<group>"; };
		C1E94A2420CDBD2B0009BB92 /* Info.plist */ = {isa = PBXFileReference; lastKnownFileType = text.plist.xml; path = Info.plist; sourceTree = "<group>"; };
		C1E94A2A20CDC0A40009BB92 /* TransformStringModel.swift */ = {isa = PBXFileReference; lastKnownFileType = sourcecode.swift; path = TransformStringModel.swift; sourceTree = "<group>"; };
/* End PBXFileReference section */

/* Begin PBXFrameworksBuildPhase section */
		C1E94A1220CDBD290009BB92 /* Frameworks */ = {
			isa = PBXFrameworksBuildPhase;
			buildActionMask = 2147483647;
			files = (
			);
			runOnlyForDeploymentPostprocessing = 0;
		};
/* End PBXFrameworksBuildPhase section */

/* Begin PBXGroup section */
		C1E94A0C20CDBD290009BB92 = {
			isa = PBXGroup;
			children = (
				C1E94A1720CDBD290009BB92 /* Task1withMVC */,
				C1E94A1620CDBD290009BB92 /* Products */,
			);
			sourceTree = "<group>";
		};
		C1E94A1620CDBD290009BB92 /* Products */ = {
			isa = PBXGroup;
			children = (
				C1E94A1520CDBD290009BB92 /* Task1withMVC.app */,
			);
			name = Products;
			sourceTree = "<group>";
		};
		C1E94A1720CDBD290009BB92 /* Task1withMVC */ = {
			isa = PBXGroup;
			children = (
				C1E94A1820CDBD290009BB92 /* AppDelegate.swift */,
				C1E94A1A20CDBD290009BB92 /* ViewController.swift */,
				C1E94A2A20CDC0A40009BB92 /* TransformStringModel.swift */,
				C1E94A1C20CDBD290009BB92 /* Main.storyboard */,
				C1E94A1F20CDBD2B0009BB92 /* Assets.xcassets */,
				C1E94A2120CDBD2B0009BB92 /* LaunchScreen.storyboard */,
				C1E94A2420CDBD2B0009BB92 /* Info.plist */,
			);
			path = Task1withMVC;
			sourceTree = "<group>";
		};
/* End PBXGroup section */

/* Begin PBXNativeTarget section */
		C1E94A1420CDBD290009BB92 /* Task1withMVC */ = {
			isa = PBXNativeTarget;
			buildConfigurationList = C1E94A2720CDBD2B0009BB92 /* Build configuration list for PBXNativeTarget "Task1withMVC" */;
			buildPhases = (
				C1E94A1120CDBD290009BB92 /* Sources */,
				C1E94A1220CDBD290009BB92 /* Frameworks */,
				C1E94A1320CDBD290009BB92 /* Resources */,
			);
			buildRules = (
			);
			dependencies = (
			);
			name = Task1withMVC;
			productName = Task1withMVC;
			productReference = C1E94A1520CDBD290009BB92 /* Task1withMVC.app */;
			productType = "com.apple.product-type.application";
		};
/* End PBXNativeTarget section */

/* Begin PBXProject section */
		C1E94A0D20CDBD290009BB92 /* Project object */ = {
			isa = PBXProject;
			attributes = {
				LastSwiftUpdateCheck = 0940;
				LastUpgradeCheck = 0940;
				ORGANIZATIONNAME = "Yevhenii Orenchuk";
				TargetAttributes = {
					C1E94A1420CDBD290009BB92 = {
						CreatedOnToolsVersion = 9.4;
					};
				};
			};
			buildConfigurationList = C1E94A1020CDBD290009BB92 /* Build configuration list for PBXProject "Task1withMVC" */;
			compatibilityVersion = "Xcode 9.3";
			developmentRegion = en;
			hasScannedForEncodings = 0;
			knownRegions = (
				en,
				Base,
			);
			mainGroup = C1E94A0C20CDBD290009BB92;
			productRefGroup = C1E94A1620CDBD290009BB92 /* Products */;
			projectDirPath = "";
			projectRoot = "";
			targets = (
				C1E94A1420CDBD290009BB92 /* Task1withMVC */,
			);
		};
/* End PBXProject section */

/* Begin PBXResourcesBuildPhase section */
		C1E94A1320CDBD290009BB92 /* Resources */ = {
			isa = PBXResourcesBuildPhase;
			buildActionMask = 2147483647;
			files = (
				C1E94A2320CDBD2B0009BB92 /* LaunchScreen.storyboard in Resources */,
				C1E94A2020CDBD2B0009BB92 /* Assets.xcassets in Resources */,
				C1E94A1E20CDBD290009BB92 /* Main.storyboard in Resources */,
			);
			runOnlyForDeploymentPostprocessing = 0;
		};
/* End PBXResourcesBuildPhase section */

/* Begin PBXSourcesBuildPhase section */
		C1E94A1120CDBD290009BB92 /* Sources */ = {
			isa = PBXSourcesBuildPhase;
			buildActionMask = 2147483647;
			files = (
				C1E94A1B20CDBD290009BB92 /* ViewController.swift in Sources */,
				C1E94A1920CDBD290009BB92 /* AppDelegate.swift in Sources */,
				C1E94A2B20CDC0A40009BB92 /* TransformStringModel.swift in Sources */,
			);
			runOnlyForDeploymentPostprocessing = 0;
		};
/* End PBXSourcesBuildPhase section */

/* Begin PBXVariantGroup section */
		C1E94A1C20CDBD290009BB92 /* Main.storyboard */ = {
			isa = PBXVariantGroup;
			children = (
				C1E94A1D20CDBD290009BB92 /* Base */,
			);
			name = Main.storyboard;
			sourceTree = "<group>";
		};
		C1E94A2120CDBD2B0009BB92 /* LaunchScreen.storyboard */ = {
			isa = PBXVariantGroup;
			children = (
				C1E94A2220CDBD2B0009BB92 /* Base */,
			);
			name = LaunchScreen.storyboard;
			sourceTree = "<group>";
		};
/* End PBXVariantGroup section */

/* Begin XCBuildConfiguration section */
		C1E94A2520CDBD2B0009BB92 /* Debug */ = {
			isa = XCBuildConfiguration;
			buildSettings = {
				ALWAYS_SEARCH_USER_PATHS = NO;
				CLANG_ANALYZER_NONNULL = YES;
				CLANG_ANALYZER_NUMBER_OBJECT_CONVERSION = YES_AGGRESSIVE;
				CLANG_CXX_LANGUAGE_STANDARD = "gnu++14";
				CLANG_CXX_LIBRARY = "libc++";
				CLANG_ENABLE_MODULES = YES;
				CLANG_ENABLE_OBJC_ARC = YES;
				CLANG_ENABLE_OBJC_WEAK = YES;
				CLANG_WARN_BLOCK_CAPTURE_AUTORELEASING = YES;
				CLANG_WARN_BOOL_CONVERSION = YES;
				CLANG_WARN_COMMA = YES;
				CLANG_WARN_CONSTANT_CONVERSION = YES;
				CLANG_WARN_DEPRECATED_OBJC_IMPLEMENTATIONS = YES;
				CLANG_WARN_DIRECT_OBJC_ISA_USAGE = YES_ERROR;
				CLANG_WARN_DOCUMENTATION_COMMENTS = YES;
				CLANG_WARN_EMPTY_BODY = YES;
				CLANG_WARN_ENUM_CONVERSION = YES;
				CLANG_WARN_INFINITE_RECURSION = YES;
				CLANG_WARN_INT_CONVERSION = YES;
				CLANG_WARN_NON_LITERAL_NULL_CONVERSION = YES;
				CLANG_WARN_OBJC_IMPLICIT_RETAIN_SELF = YES;
				CLANG_WARN_OBJC_LITERAL_CONVERSION = YES;
				CLANG_WARN_OBJC_ROOT_CLASS = YES_ERROR;
				CLANG_WARN_RANGE_LOOP_ANALYSIS = YES;
				CLANG_WARN_STRICT_PROTOTYPES = YES;
				CLANG_WARN_SUSPICIOUS_MOVE = YES;
				CLANG_WARN_UNGUARDED_AVAILABILITY = YES_AGGRESSIVE;
				CLANG_WARN_UNREACHABLE_CODE = YES;
				CLANG_WARN__DUPLICATE_METHOD_MATCH = YES;
				CODE_SIGN_IDENTITY = "iPhone Developer";
				COPY_PHASE_STRIP = NO;
				DEBUG_INFORMATION_FORMAT = dwarf;
				ENABLE_STRICT_OBJC_MSGSEND = YES;
				ENABLE_TESTABILITY = YES;
				GCC_C_LANGUAGE_STANDARD = gnu11;
				GCC_DYNAMIC_NO_PIC = NO;
				GCC_NO_COMMON_BLOCKS = YES;
				GCC_OPTIMIZATION_LEVEL = 0;
				GCC_PREPROCESSOR_DEFINITIONS = (
					"DEBUG=1",
					"$(inherited)",
				);
				GCC_WARN_64_TO_32_BIT_CONVERSION = YES;
				GCC_WARN_ABOUT_RETURN_TYPE = YES_ERROR;
				GCC_WARN_UNDECLARED_SELECTOR = YES;
				GCC_WARN_UNINITIALIZED_AUTOS = YES_AGGRESSIVE;
				GCC_WARN_UNUSED_FUNCTION = YES;
				GCC_WARN_UNUSED_VARIABLE = YES;
				IPHONEOS_DEPLOYMENT_TARGET = 11.4;
				MTL_ENABLE_DEBUG_INFO = YES;
				ONLY_ACTIVE_ARCH = YES;
				SDKROOT = iphoneos;
				SWIFT_ACTIVE_COMPILATION_CONDITIONS = DEBUG;
				SWIFT_OPTIMIZATION_LEVEL = "-Onone";
			};
			name = Debug;
		};
		C1E94A2620CDBD2B0009BB92 /* Release */ = {
			isa = XCBuildConfiguration;
			buildSettings = {
				ALWAYS_SEARCH_USER_PATHS = NO;
				CLANG_ANALYZER_NONNULL = YES;
				CLANG_ANALYZER_NUMBER_OBJECT_CONVERSION = YES_AGGRESSIVE;
				CLANG_CXX_LANGUAGE_STANDARD = "gnu++14";
				CLANG_CXX_LIBRARY = "libc++";
				CLANG_ENABLE_MODULES = YES;
				CLANG_ENABLE_OBJC_ARC = YES;
				CLANG_ENABLE_OBJC_WEAK = YES;
				CLANG_WARN_BLOCK_CAPTURE_AUTORELEASING = YES;
				CLANG_WARN_BOOL_CONVERSION = YES;
				CLANG_WARN_COMMA = YES;
				CLANG_WARN_CONSTANT_CONVERSION = YES;
				CLANG_WARN_DEPRECATED_OBJC_IMPLEMENTATIONS = YES;
				CLANG_WARN_DIRECT_OBJC_ISA_USAGE = YES_ERROR;
				CLANG_WARN_DOCUMENTATION_COMMENTS = YES;
				CLANG_WARN_EMPTY_BODY = YES;
				CLANG_WARN_ENUM_CONVERSION = YES;
				CLANG_WARN_INFINITE_RECURSION = YES;
				CLANG_WARN_INT_CONVERSION = YES;
				CLANG_WARN_NON_LITERAL_NULL_CONVERSION = YES;
				CLANG_WARN_OBJC_IMPLICIT_RETAIN_SELF = YES;
				CLANG_WARN_OBJC_LITERAL_CONVERSION = YES;
				CLANG_WARN_OBJC_ROOT_CLASS = YES_ERROR;
				CLANG_WARN_RANGE_LOOP_ANALYSIS = YES;
				CLANG_WARN_STRICT_PROTOTYPES = YES;
				CLANG_WARN_SUSPICIOUS_MOVE = YES;
				CLANG_WARN_UNGUARDED_AVAILABILITY = YES_AGGRESSIVE;
				CLANG_WARN_UNREACHABLE_CODE = YES;
				CLANG_WARN__DUPLICATE_METHOD_MATCH = YES;
				CODE_SIGN_IDENTITY = "iPhone Developer";
				COPY_PHASE_STRIP = NO;
				DEBUG_INFORMATION_FORMAT = "dwarf-with-dsym";
				ENABLE_NS_ASSERTIONS = NO;
				ENABLE_STRICT_OBJC_MSGSEND = YES;
				GCC_C_LANGUAGE_STANDARD = gnu11;
				GCC_NO_COMMON_BLOCKS = YES;
				GCC_WARN_64_TO_32_BIT_CONVERSION = YES;
				GCC_WARN_ABOUT_RETURN_TYPE = YES_ERROR;
				GCC_WARN_UNDECLARED_SELECTOR = YES;
				GCC_WARN_UNINITIALIZED_AUTOS = YES_AGGRESSIVE;
				GCC_WARN_UNUSED_FUNCTION = YES;
				GCC_WARN_UNUSED_VARIABLE = YES;
				IPHONEOS_DEPLOYMENT_TARGET = 11.4;
				MTL_ENABLE_DEBUG_INFO = NO;
				SDKROOT = iphoneos;
				SWIFT_COMPILATION_MODE = wholemodule;
				SWIFT_OPTIMIZATION_LEVEL = "-O";
				VALIDATE_PRODUCT = YES;
			};
			name = Release;
		};
		C1E94A2820CDBD2B0009BB92 /* Debug */ = {
			isa = XCBuildConfiguration;
			buildSettings = {
				ASSETCATALOG_COMPILER_APPICON_NAME = AppIcon;
				CODE_SIGN_STYLE = Automatic;
				DEVELOPMENT_TEAM = 648A3N24L8;
				INFOPLIST_FILE = Task1withMVC/Info.plist;
				LD_RUNPATH_SEARCH_PATHS = (
					"$(inherited)",
					"@executable_path/Frameworks",
				);
				PRODUCT_BUNDLE_IDENTIFIER = com.orenchuk.Task1withMVC;
				PRODUCT_NAME = "$(TARGET_NAME)";
				SWIFT_VERSION = 4.0;
				TARGETED_DEVICE_FAMILY = "1,2";
			};
			name = Debug;
		};
		C1E94A2920CDBD2B0009BB92 /* Release */ = {
			isa = XCBuildConfiguration;
			buildSettings = {
				ASSETCATALOG_COMPILER_APPICON_NAME = AppIcon;
				CODE_SIGN_STYLE = Automatic;
				DEVELOPMENT_TEAM = 648A3N24L8;
				INFOPLIST_FILE = Task1withMVC/Info.plist;
				LD_RUNPATH_SEARCH_PATHS = (
					"$(inherited)",
					"@executable_path/Frameworks",
				);
				PRODUCT_BUNDLE_IDENTIFIER = com.orenchuk.Task1withMVC;
				PRODUCT_NAME = "$(TARGET_NAME)";
				SWIFT_VERSION = 4.0;
				TARGETED_DEVICE_FAMILY = "1,2";
			};
			name = Release;
		};
/* End XCBuildConfiguration section */

/* Begin XCConfigurationList section */
		C1E94A1020CDBD290009BB92 /* Build configuration list for PBXProject "Task1withMVC" */ = {
			isa = XCConfigurationList;
			buildConfigurations = (
				C1E94A2520CDBD2B0009BB92 /* Debug */,
				C1E94A2620CDBD2B0009BB92 /* Release */,
			);
			defaultConfigurationIsVisible = 0;
			defaultConfigurationName = Release;
		};
		C1E94A2720CDBD2B0009BB92 /* Build configuration list for PBXNativeTarget "Task1withMVC" */ = {
			isa = XCConfigurationList;
			buildConfigurations = (
				C1E94A2820CDBD2B0009BB92 /* Debug */,
				C1E94A2920CDBD2B0009BB92 /* Release */,
			);
			defaultConfigurationIsVisible = 0;
			defaultConfigurationName = Release;
		};
/* End XCConfigurationList section */
	};
	rootObject = C1E94A0D20CDBD290009BB92 /* Project object */;
}
